
Microsoft Visual Studio Solution File, Format Version 12.00
# Visual Studio Version 17
VisualStudioVersion = 17.2.32630.192
MinimumVisualStudioVersion = 10.0.40219.1
Project("{FAE04EC0-301F-11D3-BF4B-00C04F79EFBC}") = "Sistema", "Sistema\Sistema.csproj", "{518F44FA-CB20-45B7-8906-273CE3D3ECF6}"
EndProject
Global
	GlobalSection(SolutionConfigurationPlatforms) = preSolution
		Debug|Any CPU = Debug|Any CPU
		Release|Any CPU = Release|Any CPU
	EndGlobalSection
	GlobalSection(ProjectConfigurationPlatforms) = postSolution
		{518F44FA-CB20-45B7-8906-273CE3D3ECF6}.Debug|Any CPU.ActiveCfg = Debug|Any CPU
		{518F44FA-CB20-45B7-8906-273CE3D3ECF6}.Debug|Any CPU.Build.0 = Debug|Any CPU
		{518F44FA-CB20-45B7-8906-273CE3D3ECF6}.Release|Any CPU.ActiveCfg = Release|Any CPU
		{518F44FA-CB20-45B7-8906-273CE3D3ECF6}.Release|Any CPU.Build.0 = Release|Any CPU
	EndGlobalSection
	GlobalSection(SolutionProperties) = preSolution
		HideSolutionNode = FALSE
	EndGlobalSection
	GlobalSection(ExtensibilityGlobals) = postSolution
		SolutionGuid = {4739893B-4A57-4CEA-AB14-67A5C39419CA}
	EndGlobalSection
EndGlobal
